
Microsoft Visual Studio Solution File, Format Version 12.00
# Visual Studio 15
VisualStudioVersion = 15.0.28010.2048
MinimumVisualStudioVersion = 10.0.40219.1
Project("{FAE04EC0-301F-11D3-BF4B-00C04F79EFBC}") = "BattleShip2", "BattleShip2\BattleShip2.csproj", "{FF91F782-E3F9-4A76-91AA-8065A6B03F5F}"
EndProject
Global
	GlobalSection(SolutionConfigurationPlatforms) = preSolution
		Debug|Any CPU = Debug|Any CPU
		Release|Any CPU = Release|Any CPU
	EndGlobalSection
	GlobalSection(ProjectConfigurationPlatforms) = postSolution
		{FF91F782-E3F9-4A76-91AA-8065A6B03F5F}.Debug|Any CPU.ActiveCfg = Debug|Any CPU
		{FF91F782-E3F9-4A76-91AA-8065A6B03F5F}.Debug|Any CPU.Build.0 = Debug|Any CPU
		{FF91F782-E3F9-4A76-91AA-8065A6B03F5F}.Release|Any CPU.ActiveCfg = Release|Any CPU
		{FF91F782-E3F9-4A76-91AA-8065A6B03F5F}.Release|Any CPU.Build.0 = Release|Any CPU
	EndGlobalSection
	GlobalSection(SolutionProperties) = preSolution
		HideSolutionNode = FALSE
	EndGlobalSection
	GlobalSection(ExtensibilityGlobals) = postSolution
		SolutionGuid = {08081610-D610-4B7E-A9FD-E56CE666EE0F}
	EndGlobalSection
EndGlobal
